
Microsoft Visual Studio Solution File, Format Version 12.00
# Visual Studio Version 16
VisualStudioVersion = 16.0.31605.320
MinimumVisualStudioVersion = 10.0.40219.1
Project("{FAE04EC0-301F-11D3-BF4B-00C04F79EFBC}") = "Procedual", "Procedual.csproj", "{0E927C7C-3D45-4C8F-8559-9F17E72B9B9B}"
EndProject
Global
	GlobalSection(SolutionConfigurationPlatforms) = preSolution
		Debug|Any CPU = Debug|Any CPU
		Release|Any CPU = Release|Any CPU
	EndGlobalSection
	GlobalSection(ProjectConfigurationPlatforms) = postSolution
		{0E927C7C-3D45-4C8F-8559-9F17E72B9B9B}.Debug|Any CPU.ActiveCfg = Debug|Any CPU
		{0E927C7C-3D45-4C8F-8559-9F17E72B9B9B}.Debug|Any CPU.Build.0 = Debug|Any CPU
		{0E927C7C-3D45-4C8F-8559-9F17E72B9B9B}.Release|Any CPU.ActiveCfg = Release|Any CPU
		{0E927C7C-3D45-4C8F-8559-9F17E72B9B9B}.Release|Any CPU.Build.0 = Release|Any CPU
	EndGlobalSection
	GlobalSection(SolutionProperties) = preSolution
		HideSolutionNode = FALSE
	EndGlobalSection
	GlobalSection(ExtensibilityGlobals) = postSolution
		SolutionGuid = {E3F49E12-D7F6-41E5-B842-42B0998FA6F2}
	EndGlobalSection
EndGlobal
